{
  "name": "tic-tac-claude-frontend",
  "version": "1.0.0",
  "lockfileVersion": 3,
  "requires": true,
  "packages": {
    "": {
      "name": "tic-tac-claude-frontend",
      "version": "1.0.0",
      "dependencies": {
        "axios": "^1.7.7"
      },
      "devDependencies": {
        "vite": "^5.4.9",
        "esbuild": "^0.24.0"
      }
    }
  }
}